// !$*UTF8*$!
{
	archiveVersion = 1;
	classes = {
	};
	objectVersion = 56;
	objects = {

/* Begin PBXBuildFile section */
		1DDDED1929F3E7D900540BC2 /* iOS_ChatGPTApp.swift in Sources */ = {isa = PBXBuildFile; fileRef = 1DDDED1829F3E7D900540BC2 /* iOS_ChatGPTApp.swift */; };
		1DDDED1B29F3E7D900540BC2 /* ContentView.swift in Sources */ = {isa = PBXBuildFile; fileRef = 1DDDED1A29F3E7D900540BC2 /* ContentView.swift */; };
		1DDDED1D29F3E7DA00540BC2 /* Assets.xcassets in Resources */ = {isa = PBXBuildFile; fileRef = 1DDDED1C29F3E7DA00540BC2 /* Assets.xcassets */; };
		1DDDED2029F3E7DA00540BC2 /* Preview Assets.xcassets in Resources */ = {isa = PBXBuildFile; fileRef = 1DDDED1F29F3E7DA00540BC2 /* Preview Assets.xcassets */; };
		1DDDED2A29F3E7DB00540BC2 /* iOS_ChatGPTTests.swift in Sources */ = {isa = PBXBuildFile; fileRef = 1DDDED2929F3E7DB00540BC2 /* iOS_ChatGPTTests.swift */; };
		1DDDED3429F3E7DB00540BC2 /* iOS_ChatGPTUITests.swift in Sources */ = {isa = PBXBuildFile; fileRef = 1DDDED3329F3E7DB00540BC2 /* iOS_ChatGPTUITests.swift */; };
		1DDDED3629F3E7DB00540BC2 /* iOS_ChatGPTUITestsLaunchTests.swift in Sources */ = {isa = PBXBuildFile; fileRef = 1DDDED3529F3E7DB00540BC2 /* iOS_ChatGPTUITestsLaunchTests.swift */; };
		1DDDED4729F3E7F600540BC2 /* macOS_ChatGPTApp.swift in Sources */ = {isa = PBXBuildFile; fileRef = 1DDDED4629F3E7F600540BC2 /* macOS_ChatGPTApp.swift */; };
		1DDDED4929F3E7F600540BC2 /* ContentView.swift in Sources */ = {isa = PBXBuildFile; fileRef = 1DDDED4829F3E7F600540BC2 /* ContentView.swift */; };
		1DDDED4B29F3E7F700540BC2 /* Assets.xcassets in Resources */ = {isa = PBXBuildFile; fileRef = 1DDDED4A29F3E7F700540BC2 /* Assets.xcassets */; };
		1DDDED4E29F3E7F700540BC2 /* Preview Assets.xcassets in Resources */ = {isa = PBXBuildFile; fileRef = 1DDDED4D29F3E7F700540BC2 /* Preview Assets.xcassets */; };
		1DDDED5929F3E7F700540BC2 /* macOS_ChatGPTTests.swift in Sources */ = {isa = PBXBuildFile; fileRef = 1DDDED5829F3E7F700540BC2 /* macOS_ChatGPTTests.swift */; };
		1DDDED6329F3E7F700540BC2 /* macOS_ChatGPTUITests.swift in Sources */ = {isa = PBXBuildFile; fileRef = 1DDDED6229F3E7F700540BC2 /* macOS_ChatGPTUITests.swift */; };
		1DDDED6529F3E7F700540BC2 /* macOS_ChatGPTUITestsLaunchTests.swift in Sources */ = {isa = PBXBuildFile; fileRef = 1DDDED6429F3E7F700540BC2 /* macOS_ChatGPTUITestsLaunchTests.swift */; };
		1DDDED7329F3EBC000540BC2 /* OpenAISwift in Frameworks */ = {isa = PBXBuildFile; productRef = 1DDDED7229F3EBC000540BC2 /* OpenAISwift */; };
		1DDDED7629F3EBD800540BC2 /* OpenAISwift in Frameworks */ = {isa = PBXBuildFile; productRef = 1DDDED7529F3EBD800540BC2 /* OpenAISwift */; };
		1DDDED7929F3F06F00540BC2 /* MainView.swift in Sources */ = {isa = PBXBuildFile; fileRef = 1DDDED7829F3F06F00540BC2 /* MainView.swift */; };
		1DDDED7A29F3F06F00540BC2 /* MainView.swift in Sources */ = {isa = PBXBuildFile; fileRef = 1DDDED7829F3F06F00540BC2 /* MainView.swift */; };
/* End PBXBuildFile section */

/* Begin PBXContainerItemProxy section */
		1DDDED2629F3E7DB00540BC2 /* PBXContainerItemProxy */ = {
			isa = PBXContainerItemProxy;
			containerPortal = 1DDDED0B29F3E6AA00540BC2 /* Project object */;
			proxyType = 1;
			remoteGlobalIDString = 1DDDED1429F3E7D900540BC2;
			remoteInfo = "iOS-ChatGPT";
		};
		1DDDED3029F3E7DB00540BC2 /* PBXContainerItemProxy */ = {
			isa = PBXContainerItemProxy;
			containerPortal = 1DDDED0B29F3E6AA00540BC2 /* Project object */;
			proxyType = 1;
			remoteGlobalIDString = 1DDDED1429F3E7D900540BC2;
			remoteInfo = "iOS-ChatGPT";
		};
		1DDDED5529F3E7F700540BC2 /* PBXContainerItemProxy */ = {
			isa = PBXContainerItemProxy;
			containerPortal = 1DDDED0B29F3E6AA00540BC2 /* Project object */;
			proxyType = 1;
			remoteGlobalIDString = 1DDDED4329F3E7F600540BC2;
			remoteInfo = "macOS-ChatGPT";
		};
		1DDDED5F29F3E7F700540BC2 /* PBXContainerItemProxy */ = {
			isa = PBXContainerItemProxy;
			containerPortal = 1DDDED0B29F3E6AA00540BC2 /* Project object */;
			proxyType = 1;
			remoteGlobalIDString = 1DDDED4329F3E7F600540BC2;
			remoteInfo = "macOS-ChatGPT";
		};
/* End PBXContainerItemProxy section */

/* Begin PBXFileReference section */
		1DDDED1529F3E7D900540BC2 /* iOS-ChatGPT.app */ = {isa = PBXFileReference; explicitFileType = wrapper.application; includeInIndex = 0; path = "iOS-ChatGPT.app"; sourceTree = BUILT_PRODUCTS_DIR; };
		1DDDED1829F3E7D900540BC2 /* iOS_ChatGPTApp.swift */ = {isa = PBXFileReference; lastKnownFileType = sourcecode.swift; path = iOS_ChatGPTApp.swift; sourceTree = "<group>"; };
		1DDDED1A29F3E7D900540BC2 /* ContentView.swift */ = {isa = PBXFileReference; lastKnownFileType = sourcecode.swift; path = ContentView.swift; sourceTree = "<group>"; };
		1DDDED1C29F3E7DA00540BC2 /* Assets.xcassets */ = {isa = PBXFileReference; lastKnownFileType = folder.assetcatalog; path = Assets.xcassets; sourceTree = "<group>"; };
		1DDDED1F29F3E7DA00540BC2 /* Preview Assets.xcassets */ = {isa = PBXFileReference; lastKnownFileType = folder.assetcatalog; path = "Preview Assets.xcassets"; sourceTree = "<group>"; };
		1DDDED2529F3E7DB00540BC2 /* iOS-ChatGPTTests.xctest */ = {isa = PBXFileReference; explicitFileType = wrapper.cfbundle; includeInIndex = 0; path = "iOS-ChatGPTTests.xctest"; sourceTree = BUILT_PRODUCTS_DIR; };
		1DDDED2929F3E7DB00540BC2 /* iOS_ChatGPTTests.swift */ = {isa = PBXFileReference; lastKnownFileType = sourcecode.swift; path = iOS_ChatGPTTests.swift; sourceTree = "<group>"; };
		1DDDED2F29F3E7DB00540BC2 /* iOS-ChatGPTUITests.xctest */ = {isa = PBXFileReference; explicitFileType = wrapper.cfbundle; includeInIndex = 0; path = "iOS-ChatGPTUITests.xctest"; sourceTree = BUILT_PRODUCTS_DIR; };
		1DDDED3329F3E7DB00540BC2 /* iOS_ChatGPTUITests.swift */ = {isa = PBXFileReference; lastKnownFileType = sourcecode.swift; path = iOS_ChatGPTUITests.swift; sourceTree = "<group>"; };
		1DDDED3529F3E7DB00540BC2 /* iOS_ChatGPTUITestsLaunchTests.swift */ = {isa = PBXFileReference; lastKnownFileType = sourcecode.swift; path = iOS_ChatGPTUITestsLaunchTests.swift; sourceTree = "<group>"; };
		1DDDED4429F3E7F600540BC2 /* macOS-ChatGPT.app */ = {isa = PBXFileReference; explicitFileType = wrapper.application; includeInIndex = 0; path = "macOS-ChatGPT.app"; sourceTree = BUILT_PRODUCTS_DIR; };
		1DDDED4629F3E7F600540BC2 /* macOS_ChatGPTApp.swift */ = {isa = PBXFileReference; lastKnownFileType = sourcecode.swift; path = macOS_ChatGPTApp.swift; sourceTree = "<group>"; };
		1DDDED4829F3E7F600540BC2 /* ContentView.swift */ = {isa = PBXFileReference; lastKnownFileType = sourcecode.swift; path = ContentView.swift; sourceTree = "<group>"; };
		1DDDED4A29F3E7F700540BC2 /* Assets.xcassets */ = {isa = PBXFileReference; lastKnownFileType = folder.assetcatalog; path = Assets.xcassets; sourceTree = "<group>"; };
		1DDDED4D29F3E7F700540BC2 /* Preview Assets.xcassets */ = {isa = PBXFileReference; lastKnownFileType = folder.assetcatalog; path = "Preview Assets.xcassets"; sourceTree = "<group>"; };
		1DDDED4F29F3E7F700540BC2 /* macOS_ChatGPT.entitlements */ = {isa = PBXFileReference; lastKnownFileType = text.plist.entitlements; path = macOS_ChatGPT.entitlements; sourceTree = "<group>"; };
		1DDDED5429F3E7F700540BC2 /* macOS-ChatGPTTests.xctest */ = {isa = PBXFileReference; explicitFileType = wrapper.cfbundle; includeInIndex = 0; path = "macOS-ChatGPTTests.xctest"; sourceTree = BUILT_PRODUCTS_DIR; };
		1DDDED5829F3E7F700540BC2 /* macOS_ChatGPTTests.swift */ = {isa = PBXFileReference; lastKnownFileType = sourcecode.swift; path = macOS_ChatGPTTests.swift; sourceTree = "<group>"; };
		1DDDED5E29F3E7F700540BC2 /* macOS-ChatGPTUITests.xctest */ = {isa = PBXFileReference; explicitFileType = wrapper.cfbundle; includeInIndex = 0; path = "macOS-ChatGPTUITests.xctest"; sourceTree = BUILT_PRODUCTS_DIR; };
		1DDDED6229F3E7F700540BC2 /* macOS_ChatGPTUITests.swift */ = {isa = PBXFileReference; lastKnownFileType = sourcecode.swift; path = macOS_ChatGPTUITests.swift; sourceTree = "<group>"; };
		1DDDED6429F3E7F700540BC2 /* macOS_ChatGPTUITestsLaunchTests.swift */ = {isa = PBXFileReference; lastKnownFileType = sourcecode.swift; path = macOS_ChatGPTUITestsLaunchTests.swift; sourceTree = "<group>"; };
		1DDDED7829F3F06F00540BC2 /* MainView.swift */ = {isa = PBXFileReference; lastKnownFileType = sourcecode.swift; path = MainView.swift; sourceTree = "<group>"; };
/* End PBXFileReference section */

/* Begin PBXFrameworksBuildPhase section */
		1DDDED1229F3E7D900540BC2 /* Frameworks */ = {
			isa = PBXFrameworksBuildPhase;
			buildActionMask = 2147483647;
			files = (
				1DDDED7329F3EBC000540BC2 /* OpenAISwift in Frameworks */,
			);
			runOnlyForDeploymentPostprocessing = 0;
		};
		1DDDED2229F3E7DB00540BC2 /* Frameworks */ = {
			isa = PBXFrameworksBuildPhase;
			buildActionMask = 2147483647;
			files = (
			);
			runOnlyForDeploymentPostprocessing = 0;
		};
		1DDDED2C29F3E7DB00540BC2 /* Frameworks */ = {
			isa = PBXFrameworksBuildPhase;
			buildActionMask = 2147483647;
			files = (
			);
			runOnlyForDeploymentPostprocessing = 0;
		};
		1DDDED4129F3E7F600540BC2 /* Frameworks */ = {
			isa = PBXFrameworksBuildPhase;
			buildActionMask = 2147483647;
			files = (
				1DDDED7629F3EBD800540BC2 /* OpenAISwift in Frameworks */,
			);
			runOnlyForDeploymentPostprocessing = 0;
		};
		1DDDED5129F3E7F700540BC2 /* Frameworks */ = {
			isa = PBXFrameworksBuildPhase;
			buildActionMask = 2147483647;
			files = (
			);
			runOnlyForDeploymentPostprocessing = 0;
		};
		1DDDED5B29F3E7F700540BC2 /* Frameworks */ = {
			isa = PBXFrameworksBuildPhase;
			buildActionMask = 2147483647;
			files = (
			);
			runOnlyForDeploymentPostprocessing = 0;
		};
/* End PBXFrameworksBuildPhase section */

/* Begin PBXGroup section */
		1DDDED0A29F3E6AA00540BC2 = {
			isa = PBXGroup;
			children = (
				1DDDED7729F3F02300540BC2 /* Shared */,
				1DDDED7029F3E83F00540BC2 /* macOS */,
				1DDDED6F29F3E82C00540BC2 /* iOS */,
				1DDDED1629F3E7D900540BC2 /* Products */,
				1DDDED7429F3EBD800540BC2 /* Frameworks */,
			);
			sourceTree = "<group>";
		};
		1DDDED1629F3E7D900540BC2 /* Products */ = {
			isa = PBXGroup;
			children = (
				1DDDED1529F3E7D900540BC2 /* iOS-ChatGPT.app */,
				1DDDED2529F3E7DB00540BC2 /* iOS-ChatGPTTests.xctest */,
				1DDDED2F29F3E7DB00540BC2 /* iOS-ChatGPTUITests.xctest */,
				1DDDED4429F3E7F600540BC2 /* macOS-ChatGPT.app */,
				1DDDED5429F3E7F700540BC2 /* macOS-ChatGPTTests.xctest */,
				1DDDED5E29F3E7F700540BC2 /* macOS-ChatGPTUITests.xctest */,
			);
			name = Products;
			sourceTree = "<group>";
		};
		1DDDED1729F3E7D900540BC2 /* iOS-ChatGPT */ = {
			isa = PBXGroup;
			children = (
				1DDDED1829F3E7D900540BC2 /* iOS_ChatGPTApp.swift */,
				1DDDED1A29F3E7D900540BC2 /* ContentView.swift */,
				1DDDED1C29F3E7DA00540BC2 /* Assets.xcassets */,
				1DDDED1E29F3E7DA00540BC2 /* Preview Content */,
			);
			path = "iOS-ChatGPT";
			sourceTree = "<group>";
		};
		1DDDED1E29F3E7DA00540BC2 /* Preview Content */ = {
			isa = PBXGroup;
			children = (
				1DDDED1F29F3E7DA00540BC2 /* Preview Assets.xcassets */,
			);
			path = "Preview Content";
			sourceTree = "<group>";
		};
		1DDDED2829F3E7DB00540BC2 /* iOS-ChatGPTTests */ = {
			isa = PBXGroup;
			children = (
				1DDDED2929F3E7DB00540BC2 /* iOS_ChatGPTTests.swift */,
			);
			path = "iOS-ChatGPTTests";
			sourceTree = "<group>";
		};
		1DDDED3229F3E7DB00540BC2 /* iOS-ChatGPTUITests */ = {
			isa = PBXGroup;
			children = (
				1DDDED3329F3E7DB00540BC2 /* iOS_ChatGPTUITests.swift */,
				1DDDED3529F3E7DB00540BC2 /* iOS_ChatGPTUITestsLaunchTests.swift */,
			);
			path = "iOS-ChatGPTUITests";
			sourceTree = "<group>";
		};
		1DDDED4529F3E7F600540BC2 /* macOS-ChatGPT */ = {
			isa = PBXGroup;
			children = (
				1DDDED4629F3E7F600540BC2 /* macOS_ChatGPTApp.swift */,
				1DDDED4829F3E7F600540BC2 /* ContentView.swift */,
				1DDDED4A29F3E7F700540BC2 /* Assets.xcassets */,
				1DDDED4F29F3E7F700540BC2 /* macOS_ChatGPT.entitlements */,
				1DDDED4C29F3E7F700540BC2 /* Preview Content */,
			);
			path = "macOS-ChatGPT";
			sourceTree = "<group>";
		};
		1DDDED4C29F3E7F700540BC2 /* Preview Content */ = {
			isa = PBXGroup;
			children = (
				1DDDED4D29F3E7F700540BC2 /* Preview Assets.xcassets */,
			);
			path = "Preview Content";
			sourceTree = "<group>";
		};
		1DDDED5729F3E7F700540BC2 /* macOS-ChatGPTTests */ = {
			isa = PBXGroup;
			children = (
				1DDDED5829F3E7F700540BC2 /* macOS_ChatGPTTests.swift */,
			);
			path = "macOS-ChatGPTTests";
			sourceTree = "<group>";
		};
		1DDDED6129F3E7F700540BC2 /* macOS-ChatGPTUITests */ = {
			isa = PBXGroup;
			children = (
				1DDDED6229F3E7F700540BC2 /* macOS_ChatGPTUITests.swift */,
				1DDDED6429F3E7F700540BC2 /* macOS_ChatGPTUITestsLaunchTests.swift */,
			);
			path = "macOS-ChatGPTUITests";
			sourceTree = "<group>";
		};
		1DDDED6F29F3E82C00540BC2 /* iOS */ = {
			isa = PBXGroup;
			children = (
				1DDDED1729F3E7D900540BC2 /* iOS-ChatGPT */,
				1DDDED2829F3E7DB00540BC2 /* iOS-ChatGPTTests */,
				1DDDED3229F3E7DB00540BC2 /* iOS-ChatGPTUITests */,
			);
			path = iOS;
			sourceTree = "<group>";
		};
		1DDDED7029F3E83F00540BC2 /* macOS */ = {
			isa = PBXGroup;
			children = (
				1DDDED4529F3E7F600540BC2 /* macOS-ChatGPT */,
				1DDDED5729F3E7F700540BC2 /* macOS-ChatGPTTests */,
				1DDDED6129F3E7F700540BC2 /* macOS-ChatGPTUITests */,
			);
			path = macOS;
			sourceTree = "<group>";
		};
		1DDDED7429F3EBD800540BC2 /* Frameworks */ = {
			isa = PBXGroup;
			children = (
			);
			name = Frameworks;
			sourceTree = "<group>";
		};
		1DDDED7729F3F02300540BC2 /* Shared */ = {
			isa = PBXGroup;
			children = (
				1DDDED7829F3F06F00540BC2 /* MainView.swift */,
			);
			path = Shared;
			sourceTree = "<group>";
		};
/* End PBXGroup section */

/* Begin PBXNativeTarget section */
		1DDDED1429F3E7D900540BC2 /* iOS-ChatGPT */ = {
			isa = PBXNativeTarget;
			buildConfigurationList = 1DDDED3729F3E7DB00540BC2 /* Build configuration list for PBXNativeTarget "iOS-ChatGPT" */;
			buildPhases = (
				1DDDED1129F3E7D900540BC2 /* Sources */,
				1DDDED1229F3E7D900540BC2 /* Frameworks */,
				1DDDED1329F3E7D900540BC2 /* Resources */,
			);
			buildRules = (
			);
			dependencies = (
			);
			name = "iOS-ChatGPT";
			packageProductDependencies = (
				1DDDED7229F3EBC000540BC2 /* OpenAISwift */,
			);
			productName = "iOS-ChatGPT";
			productReference = 1DDDED1529F3E7D900540BC2 /* iOS-ChatGPT.app */;
			productType = "com.apple.product-type.application";
		};
		1DDDED2429F3E7DB00540BC2 /* iOS-ChatGPTTests */ = {
			isa = PBXNativeTarget;
			buildConfigurationList = 1DDDED3A29F3E7DB00540BC2 /* Build configuration list for PBXNativeTarget "iOS-ChatGPTTests" */;
			buildPhases = (
				1DDDED2129F3E7DB00540BC2 /* Sources */,
				1DDDED2229F3E7DB00540BC2 /* Frameworks */,
				1DDDED2329F3E7DB00540BC2 /* Resources */,
			);
			buildRules = (
			);
			dependencies = (
				1DDDED2729F3E7DB00540BC2 /* PBXTargetDependency */,
			);
			name = "iOS-ChatGPTTests";
			productName = "iOS-ChatGPTTests";
			productReference = 1DDDED2529F3E7DB00540BC2 /* iOS-ChatGPTTests.xctest */;
			productType = "com.apple.product-type.bundle.unit-test";
		};
		1DDDED2E29F3E7DB00540BC2 /* iOS-ChatGPTUITests */ = {
			isa = PBXNativeTarget;
			buildConfigurationList = 1DDDED3D29F3E7DB00540BC2 /* Build configuration list for PBXNativeTarget "iOS-ChatGPTUITests" */;
			buildPhases = (
				1DDDED2B29F3E7DB00540BC2 /* Sources */,
				1DDDED2C29F3E7DB00540BC2 /* Frameworks */,
				1DDDED2D29F3E7DB00540BC2 /* Resources */,
			);
			buildRules = (
			);
			dependencies = (
				1DDDED3129F3E7DB00540BC2 /* PBXTargetDependency */,
			);
			name = "iOS-ChatGPTUITests";
			productName = "iOS-ChatGPTUITests";
			productReference = 1DDDED2F29F3E7DB00540BC2 /* iOS-ChatGPTUITests.xctest */;
			productType = "com.apple.product-type.bundle.ui-testing";
		};
		1DDDED4329F3E7F600540BC2 /* macOS-ChatGPT */ = {
			isa = PBXNativeTarget;
			buildConfigurationList = 1DDDED6629F3E7F700540BC2 /* Build configuration list for PBXNativeTarget "macOS-ChatGPT" */;
			buildPhases = (
				1DDDED4029F3E7F600540BC2 /* Sources */,
				1DDDED4129F3E7F600540BC2 /* Frameworks */,
				1DDDED4229F3E7F600540BC2 /* Resources */,
			);
			buildRules = (
			);
			dependencies = (
			);
			name = "macOS-ChatGPT";
			packageProductDependencies = (
				1DDDED7529F3EBD800540BC2 /* OpenAISwift */,
			);
			productName = "macOS-ChatGPT";
			productReference = 1DDDED4429F3E7F600540BC2 /* macOS-ChatGPT.app */;
			productType = "com.apple.product-type.application";
		};
		1DDDED5329F3E7F700540BC2 /* macOS-ChatGPTTests */ = {
			isa = PBXNativeTarget;
			buildConfigurationList = 1DDDED6929F3E7F700540BC2 /* Build configuration list for PBXNativeTarget "macOS-ChatGPTTests" */;
			buildPhases = (
				1DDDED5029F3E7F700540BC2 /* Sources */,
				1DDDED5129F3E7F700540BC2 /* Frameworks */,
				1DDDED5229F3E7F700540BC2 /* Resources */,
			);
			buildRules = (
			);
			dependencies = (
				1DDDED5629F3E7F700540BC2 /* PBXTargetDependency */,
			);
			name = "macOS-ChatGPTTests";
			productName = "macOS-ChatGPTTests";
			productReference = 1DDDED5429F3E7F700540BC2 /* macOS-ChatGPTTests.xctest */;
			productType = "com.apple.product-type.bundle.unit-test";
		};
		1DDDED5D29F3E7F700540BC2 /* macOS-ChatGPTUITests */ = {
			isa = PBXNativeTarget;
			buildConfigurationList = 1DDDED6C29F3E7F700540BC2 /* Build configuration list for PBXNativeTarget "macOS-ChatGPTUITests" */;
			buildPhases = (
				1DDDED5A29F3E7F700540BC2 /* Sources */,
				1DDDED5B29F3E7F700540BC2 /* Frameworks */,
				1DDDED5C29F3E7F700540BC2 /* Resources */,
			);
			buildRules = (
			);
			dependencies = (
				1DDDED6029F3E7F700540BC2 /* PBXTargetDependency */,
			);
			name = "macOS-ChatGPTUITests";
			productName = "macOS-ChatGPTUITests";
			productReference = 1DDDED5E29F3E7F700540BC2 /* macOS-ChatGPTUITests.xctest */;
			productType = "com.apple.product-type.bundle.ui-testing";
		};
/* End PBXNativeTarget section */

/* Begin PBXProject section */
		1DDDED0B29F3E6AA00540BC2 /* Project object */ = {
			isa = PBXProject;
			attributes = {
				BuildIndependentTargetsInParallel = 1;
				LastSwiftUpdateCheck = 1410;
				LastUpgradeCheck = 1410;
				TargetAttributes = {
					1DDDED1429F3E7D900540BC2 = {
						CreatedOnToolsVersion = 14.1;
					};
					1DDDED2429F3E7DB00540BC2 = {
						CreatedOnToolsVersion = 14.1;
						TestTargetID = 1DDDED1429F3E7D900540BC2;
					};
					1DDDED2E29F3E7DB00540BC2 = {
						CreatedOnToolsVersion = 14.1;
						TestTargetID = 1DDDED1429F3E7D900540BC2;
					};
					1DDDED4329F3E7F600540BC2 = {
						CreatedOnToolsVersion = 14.1;
					};
					1DDDED5329F3E7F700540BC2 = {
						CreatedOnToolsVersion = 14.1;
						TestTargetID = 1DDDED4329F3E7F600540BC2;
					};
					1DDDED5D29F3E7F700540BC2 = {
						CreatedOnToolsVersion = 14.1;
						TestTargetID = 1DDDED4329F3E7F600540BC2;
					};
				};
			};
			buildConfigurationList = 1DDDED0E29F3E6AA00540BC2 /* Build configuration list for PBXProject "ChatGPTApp" */;
			compatibilityVersion = "Xcode 14.0";
			developmentRegion = en;
			hasScannedForEncodings = 0;
			knownRegions = (
				en,
				Base,
			);
			mainGroup = 1DDDED0A29F3E6AA00540BC2;
			packageReferences = (
				1DDDED7129F3EBC000540BC2 /* XCRemoteSwiftPackageReference "OpenAISwift" */,
			);
			productRefGroup = 1DDDED1629F3E7D900540BC2 /* Products */;
			projectDirPath = "";
			projectRoot = "";
			targets = (
				1DDDED1429F3E7D900540BC2 /* iOS-ChatGPT */,
				1DDDED2429F3E7DB00540BC2 /* iOS-ChatGPTTests */,
				1DDDED2E29F3E7DB00540BC2 /* iOS-ChatGPTUITests */,
				1DDDED4329F3E7F600540BC2 /* macOS-ChatGPT */,
				1DDDED5329F3E7F700540BC2 /* macOS-ChatGPTTests */,
				1DDDED5D29F3E7F700540BC2 /* macOS-ChatGPTUITests */,
			);
		};
/* End PBXProject section */

/* Begin PBXResourcesBuildPhase section */
		1DDDED1329F3E7D900540BC2 /* Resources */ = {
			isa = PBXResourcesBuildPhase;
			buildActionMask = 2147483647;
			files = (
				1DDDED2029F3E7DA00540BC2 /* Preview Assets.xcassets in Resources */,
				1DDDED1D29F3E7DA00540BC2 /* Assets.xcassets in Resources */,
			);
			runOnlyForDeploymentPostprocessing = 0;
		};
		1DDDED2329F3E7DB00540BC2 /* Resources */ = {
			isa = PBXResourcesBuildPhase;
			buildActionMask = 2147483647;
			files = (
			);
			runOnlyForDeploymentPostprocessing = 0;
		};
		1DDDED2D29F3E7DB00540BC2 /* Resources */ = {
			isa = PBXResourcesBuildPhase;
			buildActionMask = 2147483647;
			files = (
			);
			runOnlyForDeploymentPostprocessing = 0;
		};
		1DDDED4229F3E7F600540BC2 /* Resources */ = {
			isa = PBXResourcesBuildPhase;
			buildActionMask = 2147483647;
			files = (
				1DDDED4E29F3E7F700540BC2 /* Preview Assets.xcassets in Resources */,
				1DDDED4B29F3E7F700540BC2 /* Assets.xcassets in Resources */,
			);
			runOnlyForDeploymentPostprocessing = 0;
		};
		1DDDED5229F3E7F700540BC2 /* Resources */ = {
			isa = PBXResourcesBuildPhase;
			buildActionMask = 2147483647;
			files = (
			);
			runOnlyForDeploymentPostprocessing = 0;
		};
		1DDDED5C29F3E7F700540BC2 /* Resources */ = {
			isa = PBXResourcesBuildPhase;
			buildActionMask = 2147483647;
			files = (
			);
			runOnlyForDeploymentPostprocessing = 0;
		};
/* End PBXResourcesBuildPhase section */

/* Begin PBXSourcesBuildPhase section */
		1DDDED1129F3E7D900540BC2 /* Sources */ = {
			isa = PBXSourcesBuildPhase;
			buildActionMask = 2147483647;
			files = (
				1DDDED1B29F3E7D900540BC2 /* ContentView.swift in Sources */,
				1DDDED7929F3F06F00540BC2 /* MainView.swift in Sources */,
				1DDDED1929F3E7D900540BC2 /* iOS_ChatGPTApp.swift in Sources */,
			);
			runOnlyForDeploymentPostprocessing = 0;
		};
		1DDDED2129F3E7DB00540BC2 /* Sources */ = {
			isa = PBXSourcesBuildPhase;
			buildActionMask = 2147483647;
			files = (
				1DDDED2A29F3E7DB00540BC2 /* iOS_ChatGPTTests.swift in Sources */,
			);
			runOnlyForDeploymentPostprocessing = 0;
		};
		1DDDED2B29F3E7DB00540BC2 /* Sources */ = {
			isa = PBXSourcesBuildPhase;
			buildActionMask = 2147483647;
			files = (
				1DDDED3629F3E7DB00540BC2 /* iOS_ChatGPTUITestsLaunchTests.swift in Sources */,
				1DDDED3429F3E7DB00540BC2 /* iOS_ChatGPTUITests.swift in Sources */,
			);
			runOnlyForDeploymentPostprocessing = 0;
		};
		1DDDED4029F3E7F600540BC2 /* Sources */ = {
			isa = PBXSourcesBuildPhase;
			buildActionMask = 2147483647;
			files = (
				1DDDED4929F3E7F600540BC2 /* ContentView.swift in Sources */,
				1DDDED7A29F3F06F00540BC2 /* MainView.swift in Sources */,
				1DDDED4729F3E7F600540BC2 /* macOS_ChatGPTApp.swift in Sources */,
			);
			runOnlyForDeploymentPostprocessing = 0;
		};
		1DDDED5029F3E7F700540BC2 /* Sources */ = {
			isa = PBXSourcesBuildPhase;
			buildActionMask = 2147483647;
			files = (
				1DDDED5929F3E7F700540BC2 /* macOS_ChatGPTTests.swift in Sources */,
			);
			runOnlyForDeploymentPostprocessing = 0;
		};
		1DDDED5A29F3E7F700540BC2 /* Sources */ = {
			isa = PBXSourcesBuildPhase;
			buildActionMask = 2147483647;
			files = (
				1DDDED6529F3E7F700540BC2 /* macOS_ChatGPTUITestsLaunchTests.swift in Sources */,
				1DDDED6329F3E7F700540BC2 /* macOS_ChatGPTUITests.swift in Sources */,
			);
			runOnlyForDeploymentPostprocessing = 0;
		};
/* End PBXSourcesBuildPhase section */

/* Begin PBXTargetDependency section */
		1DDDED2729F3E7DB00540BC2 /* PBXTargetDependency */ = {
			isa = PBXTargetDependency;
			target = 1DDDED1429F3E7D900540BC2 /* iOS-ChatGPT */;
			targetProxy = 1DDDED2629F3E7DB00540BC2 /* PBXContainerItemProxy */;
		};
		1DDDED3129F3E7DB00540BC2 /* PBXTargetDependency */ = {
			isa = PBXTargetDependency;
			target = 1DDDED1429F3E7D900540BC2 /* iOS-ChatGPT */;
			targetProxy = 1DDDED3029F3E7DB00540BC2 /* PBXContainerItemProxy */;
		};
		1DDDED5629F3E7F700540BC2 /* PBXTargetDependency */ = {
			isa = PBXTargetDependency;
			target = 1DDDED4329F3E7F600540BC2 /* macOS-ChatGPT */;
			targetProxy = 1DDDED5529F3E7F700540BC2 /* PBXContainerItemProxy */;
		};
		1DDDED6029F3E7F700540BC2 /* PBXTargetDependency */ = {
			isa = PBXTargetDependency;
			target = 1DDDED4329F3E7F600540BC2 /* macOS-ChatGPT */;
			targetProxy = 1DDDED5F29F3E7F700540BC2 /* PBXContainerItemProxy */;
		};
/* End PBXTargetDependency section */

/* Begin XCBuildConfiguration section */
		1DDDED0F29F3E6AA00540BC2 /* Debug */ = {
			isa = XCBuildConfiguration;
			buildSettings = {
			};
			name = Debug;
		};
		1DDDED1029F3E6AA00540BC2 /* Release */ = {
			isa = XCBuildConfiguration;
			buildSettings = {
			};
			name = Release;
		};
		1DDDED3829F3E7DB00540BC2 /* Debug */ = {
			isa = XCBuildConfiguration;
			buildSettings = {
				ALWAYS_SEARCH_USER_PATHS = NO;
				ASSETCATALOG_COMPILER_APPICON_NAME = AppIcon;
				ASSETCATALOG_COMPILER_GLOBAL_ACCENT_COLOR_NAME = AccentColor;
				CLANG_ANALYZER_NONNULL = YES;
				CLANG_ANALYZER_NUMBER_OBJECT_CONVERSION = YES_AGGRESSIVE;
				CLANG_CXX_LANGUAGE_STANDARD = "gnu++20";
				CLANG_ENABLE_MODULES = YES;
				CLANG_ENABLE_OBJC_ARC = YES;
				CLANG_ENABLE_OBJC_WEAK = YES;
				CLANG_WARN_BLOCK_CAPTURE_AUTORELEASING = YES;
				CLANG_WARN_BOOL_CONVERSION = YES;
				CLANG_WARN_COMMA = YES;
				CLANG_WARN_CONSTANT_CONVERSION = YES;
				CLANG_WARN_DEPRECATED_OBJC_IMPLEMENTATIONS = YES;
				CLANG_WARN_DIRECT_OBJC_ISA_USAGE = YES_ERROR;
				CLANG_WARN_DOCUMENTATION_COMMENTS = YES;
				CLANG_WARN_EMPTY_BODY = YES;
				CLANG_WARN_ENUM_CONVERSION = YES;
				CLANG_WARN_INFINITE_RECURSION = YES;
				CLANG_WARN_INT_CONVERSION = YES;
				CLANG_WARN_NON_LITERAL_NULL_CONVERSION = YES;
				CLANG_WARN_OBJC_IMPLICIT_RETAIN_SELF = YES;
				CLANG_WARN_OBJC_LITERAL_CONVERSION = YES;
				CLANG_WARN_OBJC_ROOT_CLASS = YES_ERROR;
				CLANG_WARN_QUOTED_INCLUDE_IN_FRAMEWORK_HEADER = YES;
				CLANG_WARN_RANGE_LOOP_ANALYSIS = YES;
				CLANG_WARN_STRICT_PROTOTYPES = YES;
				CLANG_WARN_SUSPICIOUS_MOVE = YES;
				CLANG_WARN_UNGUARDED_AVAILABILITY = YES_AGGRESSIVE;
				CLANG_WARN_UNREACHABLE_CODE = YES;
				CLANG_WARN__DUPLICATE_METHOD_MATCH = YES;
				CODE_SIGN_STYLE = Automatic;
				COPY_PHASE_STRIP = NO;
				CURRENT_PROJECT_VERSION = 1;
				DEBUG_INFORMATION_FORMAT = dwarf;
				DEVELOPMENT_ASSET_PATHS = "\"iOS/iOS-ChatGPT/Preview Content\"";
				ENABLE_PREVIEWS = YES;
				ENABLE_STRICT_OBJC_MSGSEND = YES;
				ENABLE_TESTABILITY = YES;
				GCC_C_LANGUAGE_STANDARD = gnu11;
				GCC_DYNAMIC_NO_PIC = NO;
				GCC_NO_COMMON_BLOCKS = YES;
				GCC_OPTIMIZATION_LEVEL = 0;
				GCC_PREPROCESSOR_DEFINITIONS = (
					"DEBUG=1",
					"$(inherited)",
				);
				GCC_WARN_64_TO_32_BIT_CONVERSION = YES;
				GCC_WARN_ABOUT_RETURN_TYPE = YES_ERROR;
				GCC_WARN_UNDECLARED_SELECTOR = YES;
				GCC_WARN_UNINITIALIZED_AUTOS = YES_AGGRESSIVE;
				GCC_WARN_UNUSED_FUNCTION = YES;
				GCC_WARN_UNUSED_VARIABLE = YES;
				GENERATE_INFOPLIST_FILE = YES;
				INFOPLIST_KEY_UIApplicationSceneManifest_Generation = YES;
				INFOPLIST_KEY_UIApplicationSupportsIndirectInputEvents = YES;
				INFOPLIST_KEY_UILaunchScreen_Generation = YES;
				INFOPLIST_KEY_UISupportedInterfaceOrientations_iPad = "UIInterfaceOrientationPortrait UIInterfaceOrientationPortraitUpsideDown UIInterfaceOrientationLandscapeLeft UIInterfaceOrientationLandscapeRight";
				INFOPLIST_KEY_UISupportedInterfaceOrientations_iPhone = "UIInterfaceOrientationPortrait UIInterfaceOrientationLandscapeLeft UIInterfaceOrientationLandscapeRight";
				IPHONEOS_DEPLOYMENT_TARGET = 16.1;
				LD_RUNPATH_SEARCH_PATHS = (
					"$(inherited)",
					"@executable_path/Frameworks",
				);
				MARKETING_VERSION = 1.0;
				MTL_ENABLE_DEBUG_INFO = INCLUDE_SOURCE;
				MTL_FAST_MATH = YES;
				ONLY_ACTIVE_ARCH = YES;
				PRODUCT_BUNDLE_IDENTIFIER = "com.siddharth..iOS-ChatGPT";
				PRODUCT_NAME = "$(TARGET_NAME)";
				SDKROOT = iphoneos;
				SWIFT_ACTIVE_COMPILATION_CONDITIONS = DEBUG;
				SWIFT_EMIT_LOC_STRINGS = YES;
				SWIFT_OPTIMIZATION_LEVEL = "-Onone";
				SWIFT_VERSION = 5.0;
				TARGETED_DEVICE_FAMILY = "1,2";
			};
			name = Debug;
		};
		1DDDED3929F3E7DB00540BC2 /* Release */ = {
			isa = XCBuildConfiguration;
			buildSettings = {
				ALWAYS_SEARCH_USER_PATHS = NO;
				ASSETCATALOG_COMPILER_APPICON_NAME = AppIcon;
				ASSETCATALOG_COMPILER_GLOBAL_ACCENT_COLOR_NAME = AccentColor;
				CLANG_ANALYZER_NONNULL = YES;
				CLANG_ANALYZER_NUMBER_OBJECT_CONVERSION = YES_AGGRESSIVE;
				CLANG_CXX_LANGUAGE_STANDARD = "gnu++20";
				CLANG_ENABLE_MODULES = YES;
				CLANG_ENABLE_OBJC_ARC = YES;
				CLANG_ENABLE_OBJC_WEAK = YES;
				CLANG_WARN_BLOCK_CAPTURE_AUTORELEASING = YES;
				CLANG_WARN_BOOL_CONVERSION = YES;
				CLANG_WARN_COMMA = YES;
				CLANG_WARN_CONSTANT_CONVERSION = YES;
				CLANG_WARN_DEPRECATED_OBJC_IMPLEMENTATIONS = YES;
				CLANG_WARN_DIRECT_OBJC_ISA_USAGE = YES_ERROR;
				CLANG_WARN_DOCUMENTATION_COMMENTS = YES;
				CLANG_WARN_EMPTY_BODY = YES;
				CLANG_WARN_ENUM_CONVERSION = YES;
				CLANG_WARN_INFINITE_RECURSION = YES;
				CLANG_WARN_INT_CONVERSION = YES;
				CLANG_WARN_NON_LITERAL_NULL_CONVERSION = YES;
				CLANG_WARN_OBJC_IMPLICIT_RETAIN_SELF = YES;
				CLANG_WARN_OBJC_LITERAL_CONVERSION = YES;
				CLANG_WARN_OBJC_ROOT_CLASS = YES_ERROR;
				CLANG_WARN_QUOTED_INCLUDE_IN_FRAMEWORK_HEADER = YES;
				CLANG_WARN_RANGE_LOOP_ANALYSIS = YES;
				CLANG_WARN_STRICT_PROTOTYPES = YES;
				CLANG_WARN_SUSPICIOUS_MOVE = YES;
				CLANG_WARN_UNGUARDED_AVAILABILITY = YES_AGGRESSIVE;
				CLANG_WARN_UNREACHABLE_CODE = YES;
				CLANG_WARN__DUPLICATE_METHOD_MATCH = YES;
				CODE_SIGN_STYLE = Automatic;
				COPY_PHASE_STRIP = NO;
				CURRENT_PROJECT_VERSION = 1;
				DEBUG_INFORMATION_FORMAT = "dwarf-with-dsym";
				DEVELOPMENT_ASSET_PATHS = "\"iOS/iOS-ChatGPT/Preview Content\"";
				ENABLE_NS_ASSERTIONS = NO;
				ENABLE_PREVIEWS = YES;
				ENABLE_STRICT_OBJC_MSGSEND = YES;
				GCC_C_LANGUAGE_STANDARD = gnu11;
				GCC_NO_COMMON_BLOCKS = YES;
				GCC_WARN_64_TO_32_BIT_CONVERSION = YES;
				GCC_WARN_ABOUT_RETURN_TYPE = YES_ERROR;
				GCC_WARN_UNDECLARED_SELECTOR = YES;
				GCC_WARN_UNINITIALIZED_AUTOS = YES_AGGRESSIVE;
				GCC_WARN_UNUSED_FUNCTION = YES;
				GCC_WARN_UNUSED_VARIABLE = YES;
				GENERATE_INFOPLIST_FILE = YES;
				INFOPLIST_KEY_UIApplicationSceneManifest_Generation = YES;
				INFOPLIST_KEY_UIApplicationSupportsIndirectInputEvents = YES;
				INFOPLIST_KEY_UILaunchScreen_Generation = YES;
				INFOPLIST_KEY_UISupportedInterfaceOrientations_iPad = "UIInterfaceOrientationPortrait UIInterfaceOrientationPortraitUpsideDown UIInterfaceOrientationLandscapeLeft UIInterfaceOrientationLandscapeRight";
				INFOPLIST_KEY_UISupportedInterfaceOrientations_iPhone = "UIInterfaceOrientationPortrait UIInterfaceOrientationLandscapeLeft UIInterfaceOrientationLandscapeRight";
				IPHONEOS_DEPLOYMENT_TARGET = 16.1;
				LD_RUNPATH_SEARCH_PATHS = (
					"$(inherited)",
					"@executable_path/Frameworks",
				);
				MARKETING_VERSION = 1.0;
				MTL_ENABLE_DEBUG_INFO = NO;
				MTL_FAST_MATH = YES;
				PRODUCT_BUNDLE_IDENTIFIER = "com.siddharth..iOS-ChatGPT";
				PRODUCT_NAME = "$(TARGET_NAME)";
				SDKROOT = iphoneos;
				SWIFT_COMPILATION_MODE = wholemodule;
				SWIFT_EMIT_LOC_STRINGS = YES;
				SWIFT_OPTIMIZATION_LEVEL = "-O";
				SWIFT_VERSION = 5.0;
				TARGETED_DEVICE_FAMILY = "1,2";
				VALIDATE_PRODUCT = YES;
			};
			name = Release;
		};
		1DDDED3B29F3E7DB00540BC2 /* Debug */ = {
			isa = XCBuildConfiguration;
			buildSettings = {
				ALWAYS_EMBED_SWIFT_STANDARD_LIBRARIES = YES;
				ALWAYS_SEARCH_USER_PATHS = NO;
				BUNDLE_LOADER = "$(TEST_HOST)";
				CLANG_ANALYZER_NONNULL = YES;
				CLANG_ANALYZER_NUMBER_OBJECT_CONVERSION = YES_AGGRESSIVE;
				CLANG_CXX_LANGUAGE_STANDARD = "gnu++20";
				CLANG_ENABLE_MODULES = YES;
				CLANG_ENABLE_OBJC_ARC = YES;
				CLANG_ENABLE_OBJC_WEAK = YES;
				CLANG_WARN_BLOCK_CAPTURE_AUTORELEASING = YES;
				CLANG_WARN_BOOL_CONVERSION = YES;
				CLANG_WARN_COMMA = YES;
				CLANG_WARN_CONSTANT_CONVERSION = YES;
				CLANG_WARN_DEPRECATED_OBJC_IMPLEMENTATIONS = YES;
				CLANG_WARN_DIRECT_OBJC_ISA_USAGE = YES_ERROR;
				CLANG_WARN_DOCUMENTATION_COMMENTS = YES;
				CLANG_WARN_EMPTY_BODY = YES;
				CLANG_WARN_ENUM_CONVERSION = YES;
				CLANG_WARN_INFINITE_RECURSION = YES;
				CLANG_WARN_INT_CONVERSION = YES;
				CLANG_WARN_NON_LITERAL_NULL_CONVERSION = YES;
				CLANG_WARN_OBJC_IMPLICIT_RETAIN_SELF = YES;
				CLANG_WARN_OBJC_LITERAL_CONVERSION = YES;
				CLANG_WARN_OBJC_ROOT_CLASS = YES_ERROR;
				CLANG_WARN_QUOTED_INCLUDE_IN_FRAMEWORK_HEADER = YES;
				CLANG_WARN_RANGE_LOOP_ANALYSIS = YES;
				CLANG_WARN_STRICT_PROTOTYPES = YES;
				CLANG_WARN_SUSPICIOUS_MOVE = YES;
				CLANG_WARN_UNGUARDED_AVAILABILITY = YES_AGGRESSIVE;
				CLANG_WARN_UNREACHABLE_CODE = YES;
				CLANG_WARN__DUPLICATE_METHOD_MATCH = YES;
				CODE_SIGN_STYLE = Automatic;
				COPY_PHASE_STRIP = NO;
				CURRENT_PROJECT_VERSION = 1;
				DEBUG_INFORMATION_FORMAT = dwarf;
				ENABLE_STRICT_OBJC_MSGSEND = YES;
				ENABLE_TESTABILITY = YES;
				GCC_C_LANGUAGE_STANDARD = gnu11;
				GCC_DYNAMIC_NO_PIC = NO;
				GCC_NO_COMMON_BLOCKS = YES;
				GCC_OPTIMIZATION_LEVEL = 0;
				GCC_PREPROCESSOR_DEFINITIONS = (
					"DEBUG=1",
					"$(inherited)",
				);
				GCC_WARN_64_TO_32_BIT_CONVERSION = YES;
				GCC_WARN_ABOUT_RETURN_TYPE = YES_ERROR;
				GCC_WARN_UNDECLARED_SELECTOR = YES;
				GCC_WARN_UNINITIALIZED_AUTOS = YES_AGGRESSIVE;
				GCC_WARN_UNUSED_FUNCTION = YES;
				GCC_WARN_UNUSED_VARIABLE = YES;
				GENERATE_INFOPLIST_FILE = YES;
				IPHONEOS_DEPLOYMENT_TARGET = 16.1;
				MARKETING_VERSION = 1.0;
				MTL_ENABLE_DEBUG_INFO = INCLUDE_SOURCE;
				MTL_FAST_MATH = YES;
				ONLY_ACTIVE_ARCH = YES;
				PRODUCT_BUNDLE_IDENTIFIER = "com.siddharth..iOS-ChatGPTTests";
				PRODUCT_NAME = "$(TARGET_NAME)";
				SDKROOT = iphoneos;
				SWIFT_ACTIVE_COMPILATION_CONDITIONS = DEBUG;
				SWIFT_EMIT_LOC_STRINGS = NO;
				SWIFT_OPTIMIZATION_LEVEL = "-Onone";
				SWIFT_VERSION = 5.0;
				TARGETED_DEVICE_FAMILY = "1,2";
				TEST_HOST = "$(BUILT_PRODUCTS_DIR)/iOS-ChatGPT.app/$(BUNDLE_EXECUTABLE_FOLDER_PATH)/iOS-ChatGPT";
			};
			name = Debug;
		};
		1DDDED3C29F3E7DB00540BC2 /* Release */ = {
			isa = XCBuildConfiguration;
			buildSettings = {
				ALWAYS_EMBED_SWIFT_STANDARD_LIBRARIES = YES;
				ALWAYS_SEARCH_USER_PATHS = NO;
				BUNDLE_LOADER = "$(TEST_HOST)";
				CLANG_ANALYZER_NONNULL = YES;
				CLANG_ANALYZER_NUMBER_OBJECT_CONVERSION = YES_AGGRESSIVE;
				CLANG_CXX_LANGUAGE_STANDARD = "gnu++20";
				CLANG_ENABLE_MODULES = YES;
				CLANG_ENABLE_OBJC_ARC = YES;
				CLANG_ENABLE_OBJC_WEAK = YES;
				CLANG_WARN_BLOCK_CAPTURE_AUTORELEASING = YES;
				CLANG_WARN_BOOL_CONVERSION = YES;
				CLANG_WARN_COMMA = YES;
				CLANG_WARN_CONSTANT_CONVERSION = YES;
				CLANG_WARN_DEPRECATED_OBJC_IMPLEMENTATIONS = YES;
				CLANG_WARN_DIRECT_OBJC_ISA_USAGE = YES_ERROR;
				CLANG_WARN_DOCUMENTATION_COMMENTS = YES;
				CLANG_WARN_EMPTY_BODY = YES;
				CLANG_WARN_ENUM_CONVERSION = YES;
				CLANG_WARN_INFINITE_RECURSION = YES;
				CLANG_WARN_INT_CONVERSION = YES;
				CLANG_WARN_NON_LITERAL_NULL_CONVERSION = YES;
				CLANG_WARN_OBJC_IMPLICIT_RETAIN_SELF = YES;
				CLANG_WARN_OBJC_LITERAL_CONVERSION = YES;
				CLANG_WARN_OBJC_ROOT_CLASS = YES_ERROR;
				CLANG_WARN_QUOTED_INCLUDE_IN_FRAMEWORK_HEADER = YES;
				CLANG_WARN_RANGE_LOOP_ANALYSIS = YES;
				CLANG_WARN_STRICT_PROTOTYPES = YES;
				CLANG_WARN_SUSPICIOUS_MOVE = YES;
				CLANG_WARN_UNGUARDED_AVAILABILITY = YES_AGGRESSIVE;
				CLANG_WARN_UNREACHABLE_CODE = YES;
				CLANG_WARN__DUPLICATE_METHOD_MATCH = YES;
				CODE_SIGN_STYLE = Automatic;
				COPY_PHASE_STRIP = NO;
				CURRENT_PROJECT_VERSION = 1;
				DEBUG_INFORMATION_FORMAT = "dwarf-with-dsym";
				ENABLE_NS_ASSERTIONS = NO;
				ENABLE_STRICT_OBJC_MSGSEND = YES;
				GCC_C_LANGUAGE_STANDARD = gnu11;
				GCC_NO_COMMON_BLOCKS = YES;
				GCC_WARN_64_TO_32_BIT_CONVERSION = YES;
				GCC_WARN_ABOUT_RETURN_TYPE = YES_ERROR;
				GCC_WARN_UNDECLARED_SELECTOR = YES;
				GCC_WARN_UNINITIALIZED_AUTOS = YES_AGGRESSIVE;
				GCC_WARN_UNUSED_FUNCTION = YES;
				GCC_WARN_UNUSED_VARIABLE = YES;
				GENERATE_INFOPLIST_FILE = YES;
				IPHONEOS_DEPLOYMENT_TARGET = 16.1;
				MARKETING_VERSION = 1.0;
				MTL_ENABLE_DEBUG_INFO = NO;
				MTL_FAST_MATH = YES;
				PRODUCT_BUNDLE_IDENTIFIER = "com.siddharth..iOS-ChatGPTTests";
				PRODUCT_NAME = "$(TARGET_NAME)";
				SDKROOT = iphoneos;
				SWIFT_COMPILATION_MODE = wholemodule;
				SWIFT_EMIT_LOC_STRINGS = NO;
				SWIFT_OPTIMIZATION_LEVEL = "-O";
				SWIFT_VERSION = 5.0;
				TARGETED_DEVICE_FAMILY = "1,2";
				TEST_HOST = "$(BUILT_PRODUCTS_DIR)/iOS-ChatGPT.app/$(BUNDLE_EXECUTABLE_FOLDER_PATH)/iOS-ChatGPT";
				VALIDATE_PRODUCT = YES;
			};
			name = Release;
		};
		1DDDED3E29F3E7DB00540BC2 /* Debug */ = {
			isa = XCBuildConfiguration;
			buildSettings = {
				ALWAYS_EMBED_SWIFT_STANDARD_LIBRARIES = YES;
				ALWAYS_SEARCH_USER_PATHS = NO;
				CLANG_ANALYZER_NONNULL = YES;
				CLANG_ANALYZER_NUMBER_OBJECT_CONVERSION = YES_AGGRESSIVE;
				CLANG_CXX_LANGUAGE_STANDARD = "gnu++20";
				CLANG_ENABLE_MODULES = YES;
				CLANG_ENABLE_OBJC_ARC = YES;
				CLANG_ENABLE_OBJC_WEAK = YES;
				CLANG_WARN_BLOCK_CAPTURE_AUTORELEASING = YES;
				CLANG_WARN_BOOL_CONVERSION = YES;
				CLANG_WARN_COMMA = YES;
				CLANG_WARN_CONSTANT_CONVERSION = YES;
				CLANG_WARN_DEPRECATED_OBJC_IMPLEMENTATIONS = YES;
				CLANG_WARN_DIRECT_OBJC_ISA_USAGE = YES_ERROR;
				CLANG_WARN_DOCUMENTATION_COMMENTS = YES;
				CLANG_WARN_EMPTY_BODY = YES;
				CLANG_WARN_ENUM_CONVERSION = YES;
				CLANG_WARN_INFINITE_RECURSION = YES;
				CLANG_WARN_INT_CONVERSION = YES;
				CLANG_WARN_NON_LITERAL_NULL_CONVERSION = YES;
				CLANG_WARN_OBJC_IMPLICIT_RETAIN_SELF = YES;
				CLANG_WARN_OBJC_LITERAL_CONVERSION = YES;
				CLANG_WARN_OBJC_ROOT_CLASS = YES_ERROR;
				CLANG_WARN_QUOTED_INCLUDE_IN_FRAMEWORK_HEADER = YES;
				CLANG_WARN_RANGE_LOOP_ANALYSIS = YES;
				CLANG_WARN_STRICT_PROTOTYPES = YES;
				CLANG_WARN_SUSPICIOUS_MOVE = YES;
				CLANG_WARN_UNGUARDED_AVAILABILITY = YES_AGGRESSIVE;
				CLANG_WARN_UNREACHABLE_CODE = YES;
				CLANG_WARN__DUPLICATE_METHOD_MATCH = YES;
				CODE_SIGN_STYLE = Automatic;
				COPY_PHASE_STRIP = NO;
				CURRENT_PROJECT_VERSION = 1;
				DEBUG_INFORMATION_FORMAT = dwarf;
				ENABLE_STRICT_OBJC_MSGSEND = YES;
				ENABLE_TESTABILITY = YES;
				GCC_C_LANGUAGE_STANDARD = gnu11;
				GCC_DYNAMIC_NO_PIC = NO;
				GCC_NO_COMMON_BLOCKS = YES;
				GCC_OPTIMIZATION_LEVEL = 0;
				GCC_PREPROCESSOR_DEFINITIONS = (
					"DEBUG=1",
					"$(inherited)",
				);
				GCC_WARN_64_TO_32_BIT_CONVERSION = YES;
				GCC_WARN_ABOUT_RETURN_TYPE = YES_ERROR;
				GCC_WARN_UNDECLARED_SELECTOR = YES;
				GCC_WARN_UNINITIALIZED_AUTOS = YES_AGGRESSIVE;
				GCC_WARN_UNUSED_FUNCTION = YES;
				GCC_WARN_UNUSED_VARIABLE = YES;
				GENERATE_INFOPLIST_FILE = YES;
				IPHONEOS_DEPLOYMENT_TARGET = 16.1;
				MARKETING_VERSION = 1.0;
				MTL_ENABLE_DEBUG_INFO = INCLUDE_SOURCE;
				MTL_FAST_MATH = YES;
				ONLY_ACTIVE_ARCH = YES;
				PRODUCT_BUNDLE_IDENTIFIER = "com.siddharth..iOS-ChatGPTUITests";
				PRODUCT_NAME = "$(TARGET_NAME)";
				SDKROOT = iphoneos;
				SWIFT_ACTIVE_COMPILATION_CONDITIONS = DEBUG;
				SWIFT_EMIT_LOC_STRINGS = NO;
				SWIFT_OPTIMIZATION_LEVEL = "-Onone";
				SWIFT_VERSION = 5.0;
				TARGETED_DEVICE_FAMILY = "1,2";
				TEST_TARGET_NAME = "iOS-ChatGPT";
			};
			name = Debug;
		};
		1DDDED3F29F3E7DB00540BC2 /* Release */ = {
			isa = XCBuildConfiguration;
			buildSettings = {
				ALWAYS_EMBED_SWIFT_STANDARD_LIBRARIES = YES;
				ALWAYS_SEARCH_USER_PATHS = NO;
				CLANG_ANALYZER_NONNULL = YES;
				CLANG_ANALYZER_NUMBER_OBJECT_CONVERSION = YES_AGGRESSIVE;
				CLANG_CXX_LANGUAGE_STANDARD = "gnu++20";
				CLANG_ENABLE_MODULES = YES;
				CLANG_ENABLE_OBJC_ARC = YES;
				CLANG_ENABLE_OBJC_WEAK = YES;
				CLANG_WARN_BLOCK_CAPTURE_AUTORELEASING = YES;
				CLANG_WARN_BOOL_CONVERSION = YES;
				CLANG_WARN_COMMA = YES;
				CLANG_WARN_CONSTANT_CONVERSION = YES;
				CLANG_WARN_DEPRECATED_OBJC_IMPLEMENTATIONS = YES;
				CLANG_WARN_DIRECT_OBJC_ISA_USAGE = YES_ERROR;
				CLANG_WARN_DOCUMENTATION_COMMENTS = YES;
				CLANG_WARN_EMPTY_BODY = YES;
				CLANG_WARN_ENUM_CONVERSION = YES;
				CLANG_WARN_INFINITE_RECURSION = YES;
				CLANG_WARN_INT_CONVERSION = YES;
				CLANG_WARN_NON_LITERAL_NULL_CONVERSION = YES;
				CLANG_WARN_OBJC_IMPLICIT_RETAIN_SELF = YES;
				CLANG_WARN_OBJC_LITERAL_CONVERSION = YES;
				CLANG_WARN_OBJC_ROOT_CLASS = YES_ERROR;
				CLANG_WARN_QUOTED_INCLUDE_IN_FRAMEWORK_HEADER = YES;
				CLANG_WARN_RANGE_LOOP_ANALYSIS = YES;
				CLANG_WARN_STRICT_PROTOTYPES = YES;
				CLANG_WARN_SUSPICIOUS_MOVE = YES;
				CLANG_WARN_UNGUARDED_AVAILABILITY = YES_AGGRESSIVE;
				CLANG_WARN_UNREACHABLE_CODE = YES;
				CLANG_WARN__DUPLICATE_METHOD_MATCH = YES;
				CODE_SIGN_STYLE = Automatic;
				COPY_PHASE_STRIP = NO;
				CURRENT_PROJECT_VERSION = 1;
				DEBUG_INFORMATION_FORMAT = "dwarf-with-dsym";
				ENABLE_NS_ASSERTIONS = NO;
				ENABLE_STRICT_OBJC_MSGSEND = YES;
				GCC_C_LANGUAGE_STANDARD = gnu11;
				GCC_NO_COMMON_BLOCKS = YES;
				GCC_WARN_64_TO_32_BIT_CONVERSION = YES;
				GCC_WARN_ABOUT_RETURN_TYPE = YES_ERROR;
				GCC_WARN_UNDECLARED_SELECTOR = YES;
				GCC_WARN_UNINITIALIZED_AUTOS = YES_AGGRESSIVE;
				GCC_WARN_UNUSED_FUNCTION = YES;
				GCC_WARN_UNUSED_VARIABLE = YES;
				GENERATE_INFOPLIST_FILE = YES;
				IPHONEOS_DEPLOYMENT_TARGET = 16.1;
				MARKETING_VERSION = 1.0;
				MTL_ENABLE_DEBUG_INFO = NO;
				MTL_FAST_MATH = YES;
				PRODUCT_BUNDLE_IDENTIFIER = "com.siddharth..iOS-ChatGPTUITests";
				PRODUCT_NAME = "$(TARGET_NAME)";
				SDKROOT = iphoneos;
				SWIFT_COMPILATION_MODE = wholemodule;
				SWIFT_EMIT_LOC_STRINGS = NO;
				SWIFT_OPTIMIZATION_LEVEL = "-O";
				SWIFT_VERSION = 5.0;
				TARGETED_DEVICE_FAMILY = "1,2";
				TEST_TARGET_NAME = "iOS-ChatGPT";
				VALIDATE_PRODUCT = YES;
			};
			name = Release;
		};
		1DDDED6729F3E7F700540BC2 /* Debug */ = {
			isa = XCBuildConfiguration;
			buildSettings = {
				ALWAYS_SEARCH_USER_PATHS = NO;
				ASSETCATALOG_COMPILER_APPICON_NAME = AppIcon;
				ASSETCATALOG_COMPILER_GLOBAL_ACCENT_COLOR_NAME = AccentColor;
				CLANG_ANALYZER_NONNULL = YES;
				CLANG_ANALYZER_NUMBER_OBJECT_CONVERSION = YES_AGGRESSIVE;
				CLANG_CXX_LANGUAGE_STANDARD = "gnu++20";
				CLANG_ENABLE_MODULES = YES;
				CLANG_ENABLE_OBJC_ARC = YES;
				CLANG_ENABLE_OBJC_WEAK = YES;
				CLANG_WARN_BLOCK_CAPTURE_AUTORELEASING = YES;
				CLANG_WARN_BOOL_CONVERSION = YES;
				CLANG_WARN_COMMA = YES;
				CLANG_WARN_CONSTANT_CONVERSION = YES;
				CLANG_WARN_DEPRECATED_OBJC_IMPLEMENTATIONS = YES;
				CLANG_WARN_DIRECT_OBJC_ISA_USAGE = YES_ERROR;
				CLANG_WARN_DOCUMENTATION_COMMENTS = YES;
				CLANG_WARN_EMPTY_BODY = YES;
				CLANG_WARN_ENUM_CONVERSION = YES;
				CLANG_WARN_INFINITE_RECURSION = YES;
				CLANG_WARN_INT_CONVERSION = YES;
				CLANG_WARN_NON_LITERAL_NULL_CONVERSION = YES;
				CLANG_WARN_OBJC_IMPLICIT_RETAIN_SELF = YES;
				CLANG_WARN_OBJC_LITERAL_CONVERSION = YES;
				CLANG_WARN_OBJC_ROOT_CLASS = YES_ERROR;
				CLANG_WARN_QUOTED_INCLUDE_IN_FRAMEWORK_HEADER = YES;
				CLANG_WARN_RANGE_LOOP_ANALYSIS = YES;
				CLANG_WARN_STRICT_PROTOTYPES = YES;
				CLANG_WARN_SUSPICIOUS_MOVE = YES;
				CLANG_WARN_UNGUARDED_AVAILABILITY = YES_AGGRESSIVE;
				CLANG_WARN_UNREACHABLE_CODE = YES;
				CLANG_WARN__DUPLICATE_METHOD_MATCH = YES;
				CODE_SIGN_ENTITLEMENTS = "macOS-ChatGPT/macOS_ChatGPT.entitlements";
				CODE_SIGN_STYLE = Automatic;
				COMBINE_HIDPI_IMAGES = YES;
				COPY_PHASE_STRIP = NO;
				CURRENT_PROJECT_VERSION = 1;
				DEBUG_INFORMATION_FORMAT = dwarf;
				DEVELOPMENT_ASSET_PATHS = "\"macOS/macOS-ChatGPT/Preview Content\"";
				ENABLE_PREVIEWS = YES;
				ENABLE_STRICT_OBJC_MSGSEND = YES;
				ENABLE_TESTABILITY = YES;
				GCC_C_LANGUAGE_STANDARD = gnu11;
				GCC_DYNAMIC_NO_PIC = NO;
				GCC_NO_COMMON_BLOCKS = YES;
				GCC_OPTIMIZATION_LEVEL = 0;
				GCC_PREPROCESSOR_DEFINITIONS = (
					"DEBUG=1",
					"$(inherited)",
				);
				GCC_WARN_64_TO_32_BIT_CONVERSION = YES;
				GCC_WARN_ABOUT_RETURN_TYPE = YES_ERROR;
				GCC_WARN_UNDECLARED_SELECTOR = YES;
				GCC_WARN_UNINITIALIZED_AUTOS = YES_AGGRESSIVE;
				GCC_WARN_UNUSED_FUNCTION = YES;
				GCC_WARN_UNUSED_VARIABLE = YES;
				GENERATE_INFOPLIST_FILE = YES;
				INFOPLIST_KEY_NSHumanReadableCopyright = "";
				LD_RUNPATH_SEARCH_PATHS = (
					"$(inherited)",
					"@executable_path/../Frameworks",
				);
				MACOSX_DEPLOYMENT_TARGET = 13.0;
				MARKETING_VERSION = 1.0;
				MTL_ENABLE_DEBUG_INFO = INCLUDE_SOURCE;
				MTL_FAST_MATH = YES;
				ONLY_ACTIVE_ARCH = YES;
				PRODUCT_BUNDLE_IDENTIFIER = "com.siddharth..macOS-ChatGPT";
				PRODUCT_NAME = "$(TARGET_NAME)";
				SDKROOT = macosx;
				SWIFT_ACTIVE_COMPILATION_CONDITIONS = DEBUG;
				SWIFT_EMIT_LOC_STRINGS = YES;
				SWIFT_OPTIMIZATION_LEVEL = "-Onone";
				SWIFT_VERSION = 5.0;
			};
			name = Debug;
		};
		1DDDED6829F3E7F700540BC2 /* Release */ = {
			isa = XCBuildConfiguration;
			buildSettings = {
				ALWAYS_SEARCH_USER_PATHS = NO;
				ASSETCATALOG_COMPILER_APPICON_NAME = AppIcon;
				ASSETCATALOG_COMPILER_GLOBAL_ACCENT_COLOR_NAME = AccentColor;
				CLANG_ANALYZER_NONNULL = YES;
				CLANG_ANALYZER_NUMBER_OBJECT_CONVERSION = YES_AGGRESSIVE;
				CLANG_CXX_LANGUAGE_STANDARD = "gnu++20";
				CLANG_ENABLE_MODULES = YES;
				CLANG_ENABLE_OBJC_ARC = YES;
				CLANG_ENABLE_OBJC_WEAK = YES;
				CLANG_WARN_BLOCK_CAPTURE_AUTORELEASING = YES;
				CLANG_WARN_BOOL_CONVERSION = YES;
				CLANG_WARN_COMMA = YES;
				CLANG_WARN_CONSTANT_CONVERSION = YES;
				CLANG_WARN_DEPRECATED_OBJC_IMPLEMENTATIONS = YES;
				CLANG_WARN_DIRECT_OBJC_ISA_USAGE = YES_ERROR;
				CLANG_WARN_DOCUMENTATION_COMMENTS = YES;
				CLANG_WARN_EMPTY_BODY = YES;
				CLANG_WARN_ENUM_CONVERSION = YES;
				CLANG_WARN_INFINITE_RECURSION = YES;
				CLANG_WARN_INT_CONVERSION = YES;
				CLANG_WARN_NON_LITERAL_NULL_CONVERSION = YES;
				CLANG_WARN_OBJC_IMPLICIT_RETAIN_SELF = YES;
				CLANG_WARN_OBJC_LITERAL_CONVERSION = YES;
				CLANG_WARN_OBJC_ROOT_CLASS = YES_ERROR;
				CLANG_WARN_QUOTED_INCLUDE_IN_FRAMEWORK_HEADER = YES;
				CLANG_WARN_RANGE_LOOP_ANALYSIS = YES;
				CLANG_WARN_STRICT_PROTOTYPES = YES;
				CLANG_WARN_SUSPICIOUS_MOVE = YES;
				CLANG_WARN_UNGUARDED_AVAILABILITY = YES_AGGRESSIVE;
				CLANG_WARN_UNREACHABLE_CODE = YES;
				CLANG_WARN__DUPLICATE_METHOD_MATCH = YES;
				CODE_SIGN_ENTITLEMENTS = "macOS-ChatGPT/macOS_ChatGPT.entitlements";
				CODE_SIGN_STYLE = Automatic;
				COMBINE_HIDPI_IMAGES = YES;
				COPY_PHASE_STRIP = NO;
				CURRENT_PROJECT_VERSION = 1;
				DEBUG_INFORMATION_FORMAT = "dwarf-with-dsym";
				DEVELOPMENT_ASSET_PATHS = "\"macOS/macOS-ChatGPT/Preview Content\"";
				ENABLE_NS_ASSERTIONS = NO;
				ENABLE_PREVIEWS = YES;
				ENABLE_STRICT_OBJC_MSGSEND = YES;
				GCC_C_LANGUAGE_STANDARD = gnu11;
				GCC_NO_COMMON_BLOCKS = YES;
				GCC_WARN_64_TO_32_BIT_CONVERSION = YES;
				GCC_WARN_ABOUT_RETURN_TYPE = YES_ERROR;
				GCC_WARN_UNDECLARED_SELECTOR = YES;
				GCC_WARN_UNINITIALIZED_AUTOS = YES_AGGRESSIVE;
				GCC_WARN_UNUSED_FUNCTION = YES;
				GCC_WARN_UNUSED_VARIABLE = YES;
				GENERATE_INFOPLIST_FILE = YES;
				INFOPLIST_KEY_NSHumanReadableCopyright = "";
				LD_RUNPATH_SEARCH_PATHS = (
					"$(inherited)",
					"@executable_path/../Frameworks",
				);
				MACOSX_DEPLOYMENT_TARGET = 13.0;
				MARKETING_VERSION = 1.0;
				MTL_ENABLE_DEBUG_INFO = NO;
				MTL_FAST_MATH = YES;
				PRODUCT_BUNDLE_IDENTIFIER = "com.siddharth..macOS-ChatGPT";
				PRODUCT_NAME = "$(TARGET_NAME)";
				SDKROOT = macosx;
				SWIFT_COMPILATION_MODE = wholemodule;
				SWIFT_EMIT_LOC_STRINGS = YES;
				SWIFT_OPTIMIZATION_LEVEL = "-O";
				SWIFT_VERSION = 5.0;
			};
			name = Release;
		};
		1DDDED6A29F3E7F700540BC2 /* Debug */ = {
			isa = XCBuildConfiguration;
			buildSettings = {
				ALWAYS_EMBED_SWIFT_STANDARD_LIBRARIES = YES;
				ALWAYS_SEARCH_USER_PATHS = NO;
				BUNDLE_LOADER = "$(TEST_HOST)";
				CLANG_ANALYZER_NONNULL = YES;
				CLANG_ANALYZER_NUMBER_OBJECT_CONVERSION = YES_AGGRESSIVE;
				CLANG_CXX_LANGUAGE_STANDARD = "gnu++20";
				CLANG_ENABLE_MODULES = YES;
				CLANG_ENABLE_OBJC_ARC = YES;
				CLANG_ENABLE_OBJC_WEAK = YES;
				CLANG_WARN_BLOCK_CAPTURE_AUTORELEASING = YES;
				CLANG_WARN_BOOL_CONVERSION = YES;
				CLANG_WARN_COMMA = YES;
				CLANG_WARN_CONSTANT_CONVERSION = YES;
				CLANG_WARN_DEPRECATED_OBJC_IMPLEMENTATIONS = YES;
				CLANG_WARN_DIRECT_OBJC_ISA_USAGE = YES_ERROR;
				CLANG_WARN_DOCUMENTATION_COMMENTS = YES;
				CLANG_WARN_EMPTY_BODY = YES;
				CLANG_WARN_ENUM_CONVERSION = YES;
				CLANG_WARN_INFINITE_RECURSION = YES;
				CLANG_WARN_INT_CONVERSION = YES;
				CLANG_WARN_NON_LITERAL_NULL_CONVERSION = YES;
				CLANG_WARN_OBJC_IMPLICIT_RETAIN_SELF = YES;
				CLANG_WARN_OBJC_LITERAL_CONVERSION = YES;
				CLANG_WARN_OBJC_ROOT_CLASS = YES_ERROR;
				CLANG_WARN_QUOTED_INCLUDE_IN_FRAMEWORK_HEADER = YES;
				CLANG_WARN_RANGE_LOOP_ANALYSIS = YES;
				CLANG_WARN_STRICT_PROTOTYPES = YES;
				CLANG_WARN_SUSPICIOUS_MOVE = YES;
				CLANG_WARN_UNGUARDED_AVAILABILITY = YES_AGGRESSIVE;
				CLANG_WARN_UNREACHABLE_CODE = YES;
				CLANG_WARN__DUPLICATE_METHOD_MATCH = YES;
				CODE_SIGN_STYLE = Automatic;
				COPY_PHASE_STRIP = NO;
				CURRENT_PROJECT_VERSION = 1;
				DEBUG_INFORMATION_FORMAT = dwarf;
				ENABLE_STRICT_OBJC_MSGSEND = YES;
				ENABLE_TESTABILITY = YES;
				GCC_C_LANGUAGE_STANDARD = gnu11;
				GCC_DYNAMIC_NO_PIC = NO;
				GCC_NO_COMMON_BLOCKS = YES;
				GCC_OPTIMIZATION_LEVEL = 0;
				GCC_PREPROCESSOR_DEFINITIONS = (
					"DEBUG=1",
					"$(inherited)",
				);
				GCC_WARN_64_TO_32_BIT_CONVERSION = YES;
				GCC_WARN_ABOUT_RETURN_TYPE = YES_ERROR;
				GCC_WARN_UNDECLARED_SELECTOR = YES;
				GCC_WARN_UNINITIALIZED_AUTOS = YES_AGGRESSIVE;
				GCC_WARN_UNUSED_FUNCTION = YES;
				GCC_WARN_UNUSED_VARIABLE = YES;
				GENERATE_INFOPLIST_FILE = YES;
				MACOSX_DEPLOYMENT_TARGET = 13.0;
				MARKETING_VERSION = 1.0;
				MTL_ENABLE_DEBUG_INFO = INCLUDE_SOURCE;
				MTL_FAST_MATH = YES;
				ONLY_ACTIVE_ARCH = YES;
				PRODUCT_BUNDLE_IDENTIFIER = "com.siddharth..macOS-ChatGPTTests";
				PRODUCT_NAME = "$(TARGET_NAME)";
				SDKROOT = macosx;
				SWIFT_ACTIVE_COMPILATION_CONDITIONS = DEBUG;
				SWIFT_EMIT_LOC_STRINGS = NO;
				SWIFT_OPTIMIZATION_LEVEL = "-Onone";
				SWIFT_VERSION = 5.0;
				TEST_HOST = "$(BUILT_PRODUCTS_DIR)/macOS-ChatGPT.app/$(BUNDLE_EXECUTABLE_FOLDER_PATH)/macOS-ChatGPT";
			};
			name = Debug;
		};
		1DDDED6B29F3E7F700540BC2 /* Release */ = {
			isa = XCBuildConfiguration;
			buildSettings = {
				ALWAYS_EMBED_SWIFT_STANDARD_LIBRARIES = YES;
				ALWAYS_SEARCH_USER_PATHS = NO;
				BUNDLE_LOADER = "$(TEST_HOST)";
				CLANG_ANALYZER_NONNULL = YES;
				CLANG_ANALYZER_NUMBER_OBJECT_CONVERSION = YES_AGGRESSIVE;
				CLANG_CXX_LANGUAGE_STANDARD = "gnu++20";
				CLANG_ENABLE_MODULES = YES;
				CLANG_ENABLE_OBJC_ARC = YES;
				CLANG_ENABLE_OBJC_WEAK = YES;
				CLANG_WARN_BLOCK_CAPTURE_AUTORELEASING = YES;
				CLANG_WARN_BOOL_CONVERSION = YES;
				CLANG_WARN_COMMA = YES;
				CLANG_WARN_CONSTANT_CONVERSION = YES;
				CLANG_WARN_DEPRECATED_OBJC_IMPLEMENTATIONS = YES;
				CLANG_WARN_DIRECT_OBJC_ISA_USAGE = YES_ERROR;
				CLANG_WARN_DOCUMENTATION_COMMENTS = YES;
				CLANG_WARN_EMPTY_BODY = YES;
				CLANG_WARN_ENUM_CONVERSION = YES;
				CLANG_WARN_INFINITE_RECURSION = YES;
				CLANG_WARN_INT_CONVERSION = YES;
				CLANG_WARN_NON_LITERAL_NULL_CONVERSION = YES;
				CLANG_WARN_OBJC_IMPLICIT_RETAIN_SELF = YES;
				CLANG_WARN_OBJC_LITERAL_CONVERSION = YES;
				CLANG_WARN_OBJC_ROOT_CLASS = YES_ERROR;
				CLANG_WARN_QUOTED_INCLUDE_IN_FRAMEWORK_HEADER = YES;
				CLANG_WARN_RANGE_LOOP_ANALYSIS = YES;
				CLANG_WARN_STRICT_PROTOTYPES = YES;
				CLANG_WARN_SUSPICIOUS_MOVE = YES;
				CLANG_WARN_UNGUARDED_AVAILABILITY = YES_AGGRESSIVE;
				CLANG_WARN_UNREACHABLE_CODE = YES;
				CLANG_WARN__DUPLICATE_METHOD_MATCH = YES;
				CODE_SIGN_STYLE = Automatic;
				COPY_PHASE_STRIP = NO;
				CURRENT_PROJECT_VERSION = 1;
				DEBUG_INFORMATION_FORMAT = "dwarf-with-dsym";
				ENABLE_NS_ASSERTIONS = NO;
				ENABLE_STRICT_OBJC_MSGSEND = YES;
				GCC_C_LANGUAGE_STANDARD = gnu11;
				GCC_NO_COMMON_BLOCKS = YES;
				GCC_WARN_64_TO_32_BIT_CONVERSION = YES;
				GCC_WARN_ABOUT_RETURN_TYPE = YES_ERROR;
				GCC_WARN_UNDECLARED_SELECTOR = YES;
				GCC_WARN_UNINITIALIZED_AUTOS = YES_AGGRESSIVE;
				GCC_WARN_UNUSED_FUNCTION = YES;
				GCC_WARN_UNUSED_VARIABLE = YES;
				GENERATE_INFOPLIST_FILE = YES;
				MACOSX_DEPLOYMENT_TARGET = 13.0;
				MARKETING_VERSION = 1.0;
				MTL_ENABLE_DEBUG_INFO = NO;
				MTL_FAST_MATH = YES;
				PRODUCT_BUNDLE_IDENTIFIER = "com.siddharth..macOS-ChatGPTTests";
				PRODUCT_NAME = "$(TARGET_NAME)";
				SDKROOT = macosx;
				SWIFT_COMPILATION_MODE = wholemodule;
				SWIFT_EMIT_LOC_STRINGS = NO;
				SWIFT_OPTIMIZATION_LEVEL = "-O";
				SWIFT_VERSION = 5.0;
				TEST_HOST = "$(BUILT_PRODUCTS_DIR)/macOS-ChatGPT.app/$(BUNDLE_EXECUTABLE_FOLDER_PATH)/macOS-ChatGPT";
			};
			name = Release;
		};
		1DDDED6D29F3E7F700540BC2 /* Debug */ = {
			isa = XCBuildConfiguration;
			buildSettings = {
				ALWAYS_EMBED_SWIFT_STANDARD_LIBRARIES = YES;
				ALWAYS_SEARCH_USER_PATHS = NO;
				CLANG_ANALYZER_NONNULL = YES;
				CLANG_ANALYZER_NUMBER_OBJECT_CONVERSION = YES_AGGRESSIVE;
				CLANG_CXX_LANGUAGE_STANDARD = "gnu++20";
				CLANG_ENABLE_MODULES = YES;
				CLANG_ENABLE_OBJC_ARC = YES;
				CLANG_ENABLE_OBJC_WEAK = YES;
				CLANG_WARN_BLOCK_CAPTURE_AUTORELEASING = YES;
				CLANG_WARN_BOOL_CONVERSION = YES;
				CLANG_WARN_COMMA = YES;
				CLANG_WARN_CONSTANT_CONVERSION = YES;
				CLANG_WARN_DEPRECATED_OBJC_IMPLEMENTATIONS = YES;
				CLANG_WARN_DIRECT_OBJC_ISA_USAGE = YES_ERROR;
				CLANG_WARN_DOCUMENTATION_COMMENTS = YES;
				CLANG_WARN_EMPTY_BODY = YES;
				CLANG_WARN_ENUM_CONVERSION = YES;
				CLANG_WARN_INFINITE_RECURSION = YES;
				CLANG_WARN_INT_CONVERSION = YES;
				CLANG_WARN_NON_LITERAL_NULL_CONVERSION = YES;
				CLANG_WARN_OBJC_IMPLICIT_RETAIN_SELF = YES;
				CLANG_WARN_OBJC_LITERAL_CONVERSION = YES;
				CLANG_WARN_OBJC_ROOT_CLASS = YES_ERROR;
				CLANG_WARN_QUOTED_INCLUDE_IN_FRAMEWORK_HEADER = YES;
				CLANG_WARN_RANGE_LOOP_ANALYSIS = YES;
				CLANG_WARN_STRICT_PROTOTYPES = YES;
				CLANG_WARN_SUSPICIOUS_MOVE = YES;
				CLANG_WARN_UNGUARDED_AVAILABILITY = YES_AGGRESSIVE;
				CLANG_WARN_UNREACHABLE_CODE = YES;
				CLANG_WARN__DUPLICATE_METHOD_MATCH = YES;
				CODE_SIGN_STYLE = Automatic;
				COPY_PHASE_STRIP = NO;
				CURRENT_PROJECT_VERSION = 1;
				DEBUG_INFORMATION_FORMAT = dwarf;
				ENABLE_STRICT_OBJC_MSGSEND = YES;
				ENABLE_TESTABILITY = YES;
				GCC_C_LANGUAGE_STANDARD = gnu11;
				GCC_DYNAMIC_NO_PIC = NO;
				GCC_NO_COMMON_BLOCKS = YES;
				GCC_OPTIMIZATION_LEVEL = 0;
				GCC_PREPROCESSOR_DEFINITIONS = (
					"DEBUG=1",
					"$(inherited)",
				);
				GCC_WARN_64_TO_32_BIT_CONVERSION = YES;
				GCC_WARN_ABOUT_RETURN_TYPE = YES_ERROR;
				GCC_WARN_UNDECLARED_SELECTOR = YES;
				GCC_WARN_UNINITIALIZED_AUTOS = YES_AGGRESSIVE;
				GCC_WARN_UNUSED_FUNCTION = YES;
				GCC_WARN_UNUSED_VARIABLE = YES;
				GENERATE_INFOPLIST_FILE = YES;
				MACOSX_DEPLOYMENT_TARGET = 13.0;
				MARKETING_VERSION = 1.0;
				MTL_ENABLE_DEBUG_INFO = INCLUDE_SOURCE;
				MTL_FAST_MATH = YES;
				ONLY_ACTIVE_ARCH = YES;
				PRODUCT_BUNDLE_IDENTIFIER = "com.siddharth..macOS-ChatGPTUITests";
				PRODUCT_NAME = "$(TARGET_NAME)";
				SDKROOT = macosx;
				SWIFT_ACTIVE_COMPILATION_CONDITIONS = DEBUG;
				SWIFT_EMIT_LOC_STRINGS = NO;
				SWIFT_OPTIMIZATION_LEVEL = "-Onone";
				SWIFT_VERSION = 5.0;
				TEST_TARGET_NAME = "macOS-ChatGPT";
			};
			name = Debug;
		};
		1DDDED6E29F3E7F700540BC2 /* Release */ = {
			isa = XCBuildConfiguration;
			buildSettings = {
				ALWAYS_EMBED_SWIFT_STANDARD_LIBRARIES = YES;
				ALWAYS_SEARCH_USER_PATHS = NO;
				CLANG_ANALYZER_NONNULL = YES;
				CLANG_ANALYZER_NUMBER_OBJECT_CONVERSION = YES_AGGRESSIVE;
				CLANG_CXX_LANGUAGE_STANDARD = "gnu++20";
				CLANG_ENABLE_MODULES = YES;
				CLANG_ENABLE_OBJC_ARC = YES;
				CLANG_ENABLE_OBJC_WEAK = YES;
				CLANG_WARN_BLOCK_CAPTURE_AUTORELEASING = YES;
				CLANG_WARN_BOOL_CONVERSION = YES;
				CLANG_WARN_COMMA = YES;
				CLANG_WARN_CONSTANT_CONVERSION = YES;
				CLANG_WARN_DEPRECATED_OBJC_IMPLEMENTATIONS = YES;
				CLANG_WARN_DIRECT_OBJC_ISA_USAGE = YES_ERROR;
				CLANG_WARN_DOCUMENTATION_COMMENTS = YES;
				CLANG_WARN_EMPTY_BODY = YES;
				CLANG_WARN_ENUM_CONVERSION = YES;
				CLANG_WARN_INFINITE_RECURSION = YES;
				CLANG_WARN_INT_CONVERSION = YES;
				CLANG_WARN_NON_LITERAL_NULL_CONVERSION = YES;
				CLANG_WARN_OBJC_IMPLICIT_RETAIN_SELF = YES;
				CLANG_WARN_OBJC_LITERAL_CONVERSION = YES;
				CLANG_WARN_OBJC_ROOT_CLASS = YES_ERROR;
				CLANG_WARN_QUOTED_INCLUDE_IN_FRAMEWORK_HEADER = YES;
				CLANG_WARN_RANGE_LOOP_ANALYSIS = YES;
				CLANG_WARN_STRICT_PROTOTYPES = YES;
				CLANG_WARN_SUSPICIOUS_MOVE = YES;
				CLANG_WARN_UNGUARDED_AVAILABILITY = YES_AGGRESSIVE;
				CLANG_WARN_UNREACHABLE_CODE = YES;
				CLANG_WARN__DUPLICATE_METHOD_MATCH = YES;
				CODE_SIGN_STYLE = Automatic;
				COPY_PHASE_STRIP = NO;
				CURRENT_PROJECT_VERSION = 1;
				DEBUG_INFORMATION_FORMAT = "dwarf-with-dsym";
				ENABLE_NS_ASSERTIONS = NO;
				ENABLE_STRICT_OBJC_MSGSEND = YES;
				GCC_C_LANGUAGE_STANDARD = gnu11;
				GCC_NO_COMMON_BLOCKS = YES;
				GCC_WARN_64_TO_32_BIT_CONVERSION = YES;
				GCC_WARN_ABOUT_RETURN_TYPE = YES_ERROR;
				GCC_WARN_UNDECLARED_SELECTOR = YES;
				GCC_WARN_UNINITIALIZED_AUTOS = YES_AGGRESSIVE;
				GCC_WARN_UNUSED_FUNCTION = YES;
				GCC_WARN_UNUSED_VARIABLE = YES;
				GENERATE_INFOPLIST_FILE = YES;
				MACOSX_DEPLOYMENT_TARGET = 13.0;
				MARKETING_VERSION = 1.0;
				MTL_ENABLE_DEBUG_INFO = NO;
				MTL_FAST_MATH = YES;
				PRODUCT_BUNDLE_IDENTIFIER = "com.siddharth..macOS-ChatGPTUITests";
				PRODUCT_NAME = "$(TARGET_NAME)";
				SDKROOT = macosx;
				SWIFT_COMPILATION_MODE = wholemodule;
				SWIFT_EMIT_LOC_STRINGS = NO;
				SWIFT_OPTIMIZATION_LEVEL = "-O";
				SWIFT_VERSION = 5.0;
				TEST_TARGET_NAME = "macOS-ChatGPT";
			};
			name = Release;
		};
/* End XCBuildConfiguration section */

/* Begin XCConfigurationList section */
		1DDDED0E29F3E6AA00540BC2 /* Build configuration list for PBXProject "ChatGPTApp" */ = {
			isa = XCConfigurationList;
			buildConfigurations = (
				1DDDED0F29F3E6AA00540BC2 /* Debug */,
				1DDDED1029F3E6AA00540BC2 /* Release */,
			);
			defaultConfigurationIsVisible = 0;
			defaultConfigurationName = Release;
		};
		1DDDED3729F3E7DB00540BC2 /* Build configuration list for PBXNativeTarget "iOS-ChatGPT" */ = {
			isa = XCConfigurationList;
			buildConfigurations = (
				1DDDED3829F3E7DB00540BC2 /* Debug */,
				1DDDED3929F3E7DB00540BC2 /* Release */,
			);
			defaultConfigurationIsVisible = 0;
			defaultConfigurationName = Release;
		};
		1DDDED3A29F3E7DB00540BC2 /* Build configuration list for PBXNativeTarget "iOS-ChatGPTTests" */ = {
			isa = XCConfigurationList;
			buildConfigurations = (
				1DDDED3B29F3E7DB00540BC2 /* Debug */,
				1DDDED3C29F3E7DB00540BC2 /* Release */,
			);
			defaultConfigurationIsVisible = 0;
			defaultConfigurationName = Release;
		};
		1DDDED3D29F3E7DB00540BC2 /* Build configuration list for PBXNativeTarget "iOS-ChatGPTUITests" */ = {
			isa = XCConfigurationList;
			buildConfigurations = (
				1DDDED3E29F3E7DB00540BC2 /* Debug */,
				1DDDED3F29F3E7DB00540BC2 /* Release */,
			);
			defaultConfigurationIsVisible = 0;
			defaultConfigurationName = Release;
		};
		1DDDED6629F3E7F700540BC2 /* Build configuration list for PBXNativeTarget "macOS-ChatGPT" */ = {
			isa = XCConfigurationList;
			buildConfigurations = (
				1DDDED6729F3E7F700540BC2 /* Debug */,
				1DDDED6829F3E7F700540BC2 /* Release */,
			);
			defaultConfigurationIsVisible = 0;
			defaultConfigurationName = Release;
		};
		1DDDED6929F3E7F700540BC2 /* Build configuration list for PBXNativeTarget "macOS-ChatGPTTests" */ = {
			isa = XCConfigurationList;
			buildConfigurations = (
				1DDDED6A29F3E7F700540BC2 /* Debug */,
				1DDDED6B29F3E7F700540BC2 /* Release */,
			);
			defaultConfigurationIsVisible = 0;
			defaultConfigurationName = Release;
		};
		1DDDED6C29F3E7F700540BC2 /* Build configuration list for PBXNativeTarget "macOS-ChatGPTUITests" */ = {
			isa = XCConfigurationList;
			buildConfigurations = (
				1DDDED6D29F3E7F700540BC2 /* Debug */,
				1DDDED6E29F3E7F700540BC2 /* Release */,
			);
			defaultConfigurationIsVisible = 0;
			defaultConfigurationName = Release;
		};
/* End XCConfigurationList section */

/* Begin XCRemoteSwiftPackageReference section */
		1DDDED7129F3EBC000540BC2 /* XCRemoteSwiftPackageReference "OpenAISwift" */ = {
			isa = XCRemoteSwiftPackageReference;
			repositoryURL = "https://github.com/adamrushy/OpenAISwift";
			requirement = {
				kind = upToNextMajorVersion;
				minimumVersion = 1.0.0;
			};
		};
/* End XCRemoteSwiftPackageReference section */

/* Begin XCSwiftPackageProductDependency section */
		1DDDED7229F3EBC000540BC2 /* OpenAISwift */ = {
			isa = XCSwiftPackageProductDependency;
			package = 1DDDED7129F3EBC000540BC2 /* XCRemoteSwiftPackageReference "OpenAISwift" */;
			productName = OpenAISwift;
		};
		1DDDED7529F3EBD800540BC2 /* OpenAISwift */ = {
			isa = XCSwiftPackageProductDependency;
			package = 1DDDED7129F3EBC000540BC2 /* XCRemoteSwiftPackageReference "OpenAISwift" */;
			productName = OpenAISwift;
		};
/* End XCSwiftPackageProductDependency section */
	};
	rootObject = 1DDDED0B29F3E6AA00540BC2 /* Project object */;
}
